
Microsoft Visual Studio Solution File, Format Version 12.00
# Visual Studio Version 17
VisualStudioVersion = 17.2.32526.322
MinimumVisualStudioVersion = 10.0.40219.1
Project("{FAE04EC0-301F-11D3-BF4B-00C04F79EFBC}") = "WindsCalc", "WindsCalc\WindsCalc.csproj", "{DA54B71B-2701-4F03-820A-EAA5D3A9284D}"
EndProject
Global
	GlobalSection(SolutionConfigurationPlatforms) = preSolution
		Debug|Any CPU = Debug|Any CPU
		Release|Any CPU = Release|Any CPU
	EndGlobalSection
	GlobalSection(ProjectConfigurationPlatforms) = postSolution
		{DA54B71B-2701-4F03-820A-EAA5D3A9284D}.Debug|Any CPU.ActiveCfg = Debug|Any CPU
		{DA54B71B-2701-4F03-820A-EAA5D3A9284D}.Debug|Any CPU.Build.0 = Debug|Any CPU
		{DA54B71B-2701-4F03-820A-EAA5D3A9284D}.Release|Any CPU.ActiveCfg = Release|Any CPU
		{DA54B71B-2701-4F03-820A-EAA5D3A9284D}.Release|Any CPU.Build.0 = Release|Any CPU
	EndGlobalSection
	GlobalSection(SolutionProperties) = preSolution
		HideSolutionNode = FALSE
	EndGlobalSection
	GlobalSection(ExtensibilityGlobals) = postSolution
		SolutionGuid = {2526C0A8-B1EE-4924-AD26-E96088E160F3}
	EndGlobalSection
EndGlobal
