
Microsoft Visual Studio Solution File, Format Version 12.00
# Visual Studio Version 17
VisualStudioVersion = 17.2.32526.322
MinimumVisualStudioVersion = 10.0.40219.1
Project("{FAE04EC0-301F-11D3-BF4B-00C04F79EFBC}") = "DapperProdutsApi", "DapperProdutsApi\DapperProdutsApi.csproj", "{5525D59D-19CC-4F35-8EC3-57A4227B9243}"
EndProject
Global
	GlobalSection(SolutionConfigurationPlatforms) = preSolution
		Debug|Any CPU = Debug|Any CPU
		Release|Any CPU = Release|Any CPU
	EndGlobalSection
	GlobalSection(ProjectConfigurationPlatforms) = postSolution
		{5525D59D-19CC-4F35-8EC3-57A4227B9243}.Debug|Any CPU.ActiveCfg = Debug|Any CPU
		{5525D59D-19CC-4F35-8EC3-57A4227B9243}.Debug|Any CPU.Build.0 = Debug|Any CPU
		{5525D59D-19CC-4F35-8EC3-57A4227B9243}.Release|Any CPU.ActiveCfg = Release|Any CPU
		{5525D59D-19CC-4F35-8EC3-57A4227B9243}.Release|Any CPU.Build.0 = Release|Any CPU
	EndGlobalSection
	GlobalSection(SolutionProperties) = preSolution
		HideSolutionNode = FALSE
	EndGlobalSection
	GlobalSection(ExtensibilityGlobals) = postSolution
		SolutionGuid = {464844EE-6993-48D5-A85A-A907BADA423F}
	EndGlobalSection
EndGlobal
