
Microsoft Visual Studio Solution File, Format Version 12.00
# Visual Studio Version 17
VisualStudioVersion = 17.2.32526.322
MinimumVisualStudioVersion = 10.0.40219.1
Project("{FAE04EC0-301F-11D3-BF4B-00C04F79EFBC}") = "Asp.net Core Web app1", "Asp.net Core Web app1.csproj", "{9DAC9622-D767-4C5F-BECF-210E9D6F7223}"
EndProject
Global
	GlobalSection(SolutionConfigurationPlatforms) = preSolution
		Debug|Any CPU = Debug|Any CPU
		Release|Any CPU = Release|Any CPU
	EndGlobalSection
	GlobalSection(ProjectConfigurationPlatforms) = postSolution
		{9DAC9622-D767-4C5F-BECF-210E9D6F7223}.Debug|Any CPU.ActiveCfg = Debug|Any CPU
		{9DAC9622-D767-4C5F-BECF-210E9D6F7223}.Debug|Any CPU.Build.0 = Debug|Any CPU
		{9DAC9622-D767-4C5F-BECF-210E9D6F7223}.Release|Any CPU.ActiveCfg = Release|Any CPU
		{9DAC9622-D767-4C5F-BECF-210E9D6F7223}.Release|Any CPU.Build.0 = Release|Any CPU
	EndGlobalSection
	GlobalSection(SolutionProperties) = preSolution
		HideSolutionNode = FALSE
	EndGlobalSection
	GlobalSection(ExtensibilityGlobals) = postSolution
		SolutionGuid = {01F610C8-E2BB-49DA-ADE3-7B4371A34020}
	EndGlobalSection
EndGlobal
