
Microsoft Visual Studio Solution File, Format Version 12.00
# Visual Studio Version 17
VisualStudioVersion = 17.2.32526.322
MinimumVisualStudioVersion = 10.0.40219.1
Project("{FAE04EC0-301F-11D3-BF4B-00C04F79EFBC}") = "ErrorHandling", "ErrorHandling\ErrorHandling.csproj", "{11EF979C-5B05-411B-A6A8-A8093C269FA6}"
EndProject
Global
	GlobalSection(SolutionConfigurationPlatforms) = preSolution
		Debug|Any CPU = Debug|Any CPU
		Release|Any CPU = Release|Any CPU
	EndGlobalSection
	GlobalSection(ProjectConfigurationPlatforms) = postSolution
		{11EF979C-5B05-411B-A6A8-A8093C269FA6}.Debug|Any CPU.ActiveCfg = Debug|Any CPU
		{11EF979C-5B05-411B-A6A8-A8093C269FA6}.Debug|Any CPU.Build.0 = Debug|Any CPU
		{11EF979C-5B05-411B-A6A8-A8093C269FA6}.Release|Any CPU.ActiveCfg = Release|Any CPU
		{11EF979C-5B05-411B-A6A8-A8093C269FA6}.Release|Any CPU.Build.0 = Release|Any CPU
	EndGlobalSection
	GlobalSection(SolutionProperties) = preSolution
		HideSolutionNode = FALSE
	EndGlobalSection
	GlobalSection(ExtensibilityGlobals) = postSolution
		SolutionGuid = {191578F9-B495-4F01-AD79-571535D68D0D}
	EndGlobalSection
EndGlobal
