
Microsoft Visual Studio Solution File, Format Version 12.00
# Visual Studio Version 17
VisualStudioVersion = 17.2.32526.322
MinimumVisualStudioVersion = 10.0.40219.1
Project("{FAE04EC0-301F-11D3-BF4B-00C04F79EFBC}") = "webapp1", "webapp1\webapp1.csproj", "{4319A561-C899-4505-9B57-D48C84E79F2E}"
EndProject
Global
	GlobalSection(SolutionConfigurationPlatforms) = preSolution
		Debug|Any CPU = Debug|Any CPU
		Release|Any CPU = Release|Any CPU
	EndGlobalSection
	GlobalSection(ProjectConfigurationPlatforms) = postSolution
		{4319A561-C899-4505-9B57-D48C84E79F2E}.Debug|Any CPU.ActiveCfg = Debug|Any CPU
		{4319A561-C899-4505-9B57-D48C84E79F2E}.Debug|Any CPU.Build.0 = Debug|Any CPU
		{4319A561-C899-4505-9B57-D48C84E79F2E}.Release|Any CPU.ActiveCfg = Release|Any CPU
		{4319A561-C899-4505-9B57-D48C84E79F2E}.Release|Any CPU.Build.0 = Release|Any CPU
	EndGlobalSection
	GlobalSection(SolutionProperties) = preSolution
		HideSolutionNode = FALSE
	EndGlobalSection
	GlobalSection(ExtensibilityGlobals) = postSolution
		SolutionGuid = {D04CEFBB-053B-47AC-83C4-5750A96F8D0E}
	EndGlobalSection
EndGlobal
