
Microsoft Visual Studio Solution File, Format Version 12.00
# Visual Studio Version 17
VisualStudioVersion = 17.2.32526.322
MinimumVisualStudioVersion = 10.0.40219.1
Project("{FAE04EC0-301F-11D3-BF4B-00C04F79EFBC}") = "Dapperwithproducts", "Dapperwithproducts\Dapperwithproducts.csproj", "{14EAD24E-A584-4CA0-90E9-6B4D71135083}"
EndProject
Global
	GlobalSection(SolutionConfigurationPlatforms) = preSolution
		Debug|Any CPU = Debug|Any CPU
		Release|Any CPU = Release|Any CPU
	EndGlobalSection
	GlobalSection(ProjectConfigurationPlatforms) = postSolution
		{14EAD24E-A584-4CA0-90E9-6B4D71135083}.Debug|Any CPU.ActiveCfg = Debug|Any CPU
		{14EAD24E-A584-4CA0-90E9-6B4D71135083}.Debug|Any CPU.Build.0 = Debug|Any CPU
		{14EAD24E-A584-4CA0-90E9-6B4D71135083}.Release|Any CPU.ActiveCfg = Release|Any CPU
		{14EAD24E-A584-4CA0-90E9-6B4D71135083}.Release|Any CPU.Build.0 = Release|Any CPU
	EndGlobalSection
	GlobalSection(SolutionProperties) = preSolution
		HideSolutionNode = FALSE
	EndGlobalSection
	GlobalSection(ExtensibilityGlobals) = postSolution
		SolutionGuid = {C82454D1-792B-4171-8EF8-91338EA4B1ED}
	EndGlobalSection
EndGlobal
